
Microsoft Visual Studio Solution File, Format Version 12.00
# Visual Studio Version 16
VisualStudioVersion = 16.0.30523.141
MinimumVisualStudioVersion = 10.0.40219.1
Project("{9A19103F-16F7-4668-BE54-9A1E7A4F7556}") = "20_Lab5_1", "20_Lab5_1\20_Lab5_1.csproj", "{1EC863FF-7482-4559-9B84-03E724B0EF87}"
EndProject
Project("{9A19103F-16F7-4668-BE54-9A1E7A4F7556}") = "20_Lab5_3", "20_Lab5_3\20_Lab5_3.csproj", "{49BFAE43-7CBE-42EF-9865-7CC925920363}"
EndProject
Project("{FAE04EC0-301F-11D3-BF4B-00C04F79EFBC}") = "20_Lab5_2", "20_Lab5_2\20_Lab5_2.csproj", "{04CB7346-6881-40D1-9902-756998DD2728}"
EndProject
Global
	GlobalSection(SolutionConfigurationPlatforms) = preSolution
		Debug|Any CPU = Debug|Any CPU
		Release|Any CPU = Release|Any CPU
	EndGlobalSection
	GlobalSection(ProjectConfigurationPlatforms) = postSolution
		{1EC863FF-7482-4559-9B84-03E724B0EF87}.Debug|Any CPU.ActiveCfg = Debug|Any CPU
		{1EC863FF-7482-4559-9B84-03E724B0EF87}.Debug|Any CPU.Build.0 = Debug|Any CPU
		{1EC863FF-7482-4559-9B84-03E724B0EF87}.Release|Any CPU.ActiveCfg = Release|Any CPU
		{1EC863FF-7482-4559-9B84-03E724B0EF87}.Release|Any CPU.Build.0 = Release|Any CPU
		{49BFAE43-7CBE-42EF-9865-7CC925920363}.Debug|Any CPU.ActiveCfg = Debug|Any CPU
		{49BFAE43-7CBE-42EF-9865-7CC925920363}.Debug|Any CPU.Build.0 = Debug|Any CPU
		{49BFAE43-7CBE-42EF-9865-7CC925920363}.Release|Any CPU.ActiveCfg = Release|Any CPU
		{49BFAE43-7CBE-42EF-9865-7CC925920363}.Release|Any CPU.Build.0 = Release|Any CPU
		{04CB7346-6881-40D1-9902-756998DD2728}.Debug|Any CPU.ActiveCfg = Debug|Any CPU
		{04CB7346-6881-40D1-9902-756998DD2728}.Debug|Any CPU.Build.0 = Debug|Any CPU
		{04CB7346-6881-40D1-9902-756998DD2728}.Release|Any CPU.ActiveCfg = Release|Any CPU
		{04CB7346-6881-40D1-9902-756998DD2728}.Release|Any CPU.Build.0 = Release|Any CPU
	EndGlobalSection
	GlobalSection(SolutionProperties) = preSolution
		HideSolutionNode = FALSE
	EndGlobalSection
	GlobalSection(ExtensibilityGlobals) = postSolution
		SolutionGuid = {4B3F44F0-6E85-4E13-94F4-9A7FA911CF73}
	EndGlobalSection
EndGlobal
